
Microsoft Visual Studio Solution File, Format Version 12.00
# Visual Studio Version 16
VisualStudioVersion = 16.0.30907.101
MinimumVisualStudioVersion = 10.0.40219.1
Project("{FAE04EC0-301F-11D3-BF4B-00C04F79EFBC}") = "UniqNumsServer", "UniqNumsServer.csproj", "{E87E15D9-F30A-42A9-BF9D-5E234931C2B4}"
EndProject
Global
	GlobalSection(SolutionConfigurationPlatforms) = preSolution
		Debug|Any CPU = Debug|Any CPU
		Release|Any CPU = Release|Any CPU
	EndGlobalSection
	GlobalSection(ProjectConfigurationPlatforms) = postSolution
		{E87E15D9-F30A-42A9-BF9D-5E234931C2B4}.Debug|Any CPU.ActiveCfg = Debug|Any CPU
		{E87E15D9-F30A-42A9-BF9D-5E234931C2B4}.Debug|Any CPU.Build.0 = Debug|Any CPU
		{E87E15D9-F30A-42A9-BF9D-5E234931C2B4}.Release|Any CPU.ActiveCfg = Release|Any CPU
		{E87E15D9-F30A-42A9-BF9D-5E234931C2B4}.Release|Any CPU.Build.0 = Release|Any CPU
	EndGlobalSection
	GlobalSection(SolutionProperties) = preSolution
		HideSolutionNode = FALSE
	EndGlobalSection
	GlobalSection(ExtensibilityGlobals) = postSolution
		SolutionGuid = {739F8419-A920-478E-95A8-4F9817C7328A}
	EndGlobalSection
EndGlobal
